version = 1
revision = 2
requires-python = ">=3.12"

[[package]]
name = "aiokafka"
version = "0.12.0"
source = { registry = "https://pypi.org/simple" }
dependencies = [
    { name = "async-timeout" },
    { name = "packaging" },
    { name = "typing-extensions" },
]
sdist = { url = "https://files.pythonhosted.org/packages/65/ca/42a962033e6a7926dcb789168bce81d0181ef4ddabce454d830b7e62370e/aiokafka-0.12.0.tar.gz", hash = "sha256:62423895b866f95b5ed8d88335295a37cc5403af64cb7cb0e234f88adc2dff94", size = 564955, upload-time = "2024-10-26T20:53:11.227Z" }
wheels = [
    { url = "https://files.pythonhosted.org/packages/53/d4/baf1b2389995c6c312834792329a1993a303ff703ac023250ff977c5923b/aiokafka-0.12.0-cp312-cp312-macosx_10_13_x86_64.whl", hash = "sha256:b01947553ff1120fa1cb1a05f2c3e5aa47a5378c720bafd09e6630ba18af02aa", size = 375031, upload-time = "2024-10-26T20:52:40.104Z" },
    { url = "https://files.pythonhosted.org/packages/54/ac/653070a4add8beea7aa8209ab396de87c7b4f9628fff15efcdbaea40e973/aiokafka-0.12.0-cp312-cp312-macosx_11_0_arm64.whl", hash = "sha256:e3c8ec1c0606fa645462c7353dc3e4119cade20c4656efa2031682ffaad361c0", size = 370619, upload-time = "2024-10-26T20:52:41.877Z" },
    { url = "https://files.pythonhosted.org/packages/80/f2/0ddaaa11876ab78e0f3b30f272c62eea70870e1a52a5afe985c7c1d098e1/aiokafka-0.12.0-cp312-cp312-manylinux_2_17_aarch64.manylinux2014_aarch64.whl", hash = "sha256:577c1c48b240e9eba57b3d2d806fb3d023a575334fc3953f063179170cc8964f", size = 1192363, upload-time = "2024-10-26T20:52:44.028Z" },
    { url = "https://files.pythonhosted.org/packages/ae/48/541ccece0e593e24ee371dec0c33c23718bc010b04e998693e4c19091258/aiokafka-0.12.0-cp312-cp312-manylinux_2_17_x86_64.manylinux2014_x86_64.whl", hash = "sha256:d7b815b2e5fed9912f1231be6196547a367b9eb3380b487ff5942f0c73a3fb5c", size = 1213231, upload-time = "2024-10-26T20:52:46.028Z" },
    { url = "https://files.pythonhosted.org/packages/99/3f/75bd0faa77dfecce34dd1c0edd317b608518b096809736f9987dd61f4cec/aiokafka-0.12.0-cp312-cp312-win32.whl", hash = "sha256:5a907abcdf02430df0829ac80f25b8bb849630300fa01365c76e0ae49306f512", size = 347752, upload-time = "2024-10-26T20:52:47.327Z" },
    { url = "https://files.pythonhosted.org/packages/ef/97/e2513a0c10585e51d4d9b42c9dd5f5ab15dfe150620a4893a2c6c20f0f4a/aiokafka-0.12.0-cp312-cp312-win_amd64.whl", hash = "sha256:fdbd69ec70eea4a8dfaa5c35ff4852e90e1277fcc426b9380f0b499b77f13b16", size = 366068, upload-time = "2024-10-26T20:52:49.132Z" },
    { url = "https://files.pythonhosted.org/packages/30/84/f1f7e603cd07e877520b5a1e48e006cbc1fe448806cabbaa98aa732f530d/aiokafka-0.12.0-cp313-cp313-macosx_10_13_x86_64.whl", hash = "sha256:f9e8ab97b935ca681a5f28cf22cf2b5112be86728876b3ec07e4ed5fc6c21f2d", size = 370960, upload-time = "2024-10-26T20:52:51.235Z" },
    { url = "https://files.pythonhosted.org/packages/d7/c7/5237b3687198c2129c0bafa4a96cf8ae3883e20cc860125bafe16af3778e/aiokafka-0.12.0-cp313-cp313-macosx_11_0_arm64.whl", hash = "sha256:ed991c120fe19fd9439f564201dd746c4839700ef270dd4c3ee6d4895f64fe83", size = 366597, upload-time = "2024-10-26T20:52:52.539Z" },
    { url = "https://files.pythonhosted.org/packages/6b/67/0154551292ec1c977e5def178ae5c947773e921aefb6877971e7fdf1942e/aiokafka-0.12.0-cp313-cp313-manylinux_2_17_aarch64.manylinux2014_aarch64.whl", hash = "sha256:2c01abf9787b1c3f3af779ad8e76d5b74903f590593bc26f33ed48750503e7f7", size = 1152905, upload-time = "2024-10-26T20:52:54.089Z" },
    { url = "https://files.pythonhosted.org/packages/d9/20/69f913a76916e94c4e783dc7d0d05a25c384b25faec33e121062c62411fe/aiokafka-0.12.0-cp313-cp313-manylinux_2_17_x86_64.manylinux2014_x86_64.whl", hash = "sha256:08c84b3894d97fd02fcc8886f394000d0f5ce771fab5c498ea2b0dd2f6b46d5b", size = 1171893, upload-time = "2024-10-26T20:52:56.14Z" },
    { url = "https://files.pythonhosted.org/packages/16/65/41cc1b19e7dea623ef58f3bf1e2720377c5757a76d9799d53a1b5fc39255/aiokafka-0.12.0-cp313-cp313-win32.whl", hash = "sha256:63875fed922c8c7cf470d9b2a82e1b76b4a1baf2ae62e07486cf516fd09ff8f2", size = 345933, upload-time = "2024-10-26T20:52:57.518Z" },
    { url = "https://files.pythonhosted.org/packages/bf/0d/4cb57231ff650a01123a09075bf098d8fdaf94b15a1a58465066b2251e8b/aiokafka-0.12.0-cp313-cp313-win_amd64.whl", hash = "sha256:bdc0a83eb386d2384325d6571f8ef65b4cfa205f8d1c16d7863e8d10cacd995a", size = 363194, upload-time = "2024-10-26T20:52:59.434Z" },
]

[[package]]
name = "async-timeout"
version = "5.0.1"
source = { registry = "https://pypi.org/simple" }
sdist = { url = "https://files.pythonhosted.org/packages/a5/ae/136395dfbfe00dfc94da3f3e136d0b13f394cba8f4841120e34226265780/async_timeout-5.0.1.tar.gz", hash = "sha256:d9321a7a3d5a6a5e187e824d2fa0793ce379a202935782d555d6e9d2735677d3", size = 9274, upload-time = "2024-11-06T16:41:39.6Z" }
wheels = [
    { url = "https://files.pythonhosted.org/packages/fe/ba/e2081de779ca30d473f21f5b30e0e737c438205440784c7dfc81efc2b029/async_timeout-5.0.1-py3-none-any.whl", hash = "sha256:39e3809566ff85354557ec2398b55e096c8364bacac9405a7a1fa429e77fe76c", size = 6233, upload-time = "2024-11-06T16:41:37.9Z" },
]

[[package]]
name = "packaging"
version = "25.0"
source = { registry = "https://pypi.org/simple" }
sdist = { url = "https://files.pythonhosted.org/packages/a1/d4/1fc4078c65507b51b96ca8f8c3ba19e6a61c8253c72794544580a7b6c24d/packaging-25.0.tar.gz", hash = "sha256:d443872c98d677bf60f6a1f2f8c1cb748e8fe762d2bf9d3148b5599295b0fc4f", size = 165727, upload-time = "2025-04-19T11:48:59.673Z" }
wheels = [
    { url = "https://files.pythonhosted.org/packages/20/12/38679034af332785aac8774540895e234f4d07f7545804097de4b666afd8/packaging-25.0-py3-none-any.whl", hash = "sha256:29572ef2b1f17581046b3a2227d5c611fb25ec70ca1ba8554b24b0e69331a484", size = 66469, upload-time = "2025-04-19T11:48:57.875Z" },
]

[[package]]
name = "python-dotenv"
version = "1.1.0"
source = { registry = "https://pypi.org/simple" }
sdist = { url = "https://files.pythonhosted.org/packages/88/2c/7bb1416c5620485aa793f2de31d3df393d3686aa8a8506d11e10e13c5baf/python_dotenv-1.1.0.tar.gz", hash = "sha256:41f90bc6f5f177fb41f53e87666db362025010eb28f60a01c9143bfa33a2b2d5", size = 39920, upload-time = "2025-03-25T10:14:56.835Z" }
wheels = [
    { url = "https://files.pythonhosted.org/packages/1e/18/98a99ad95133c6a6e2005fe89faedf294a748bd5dc803008059409ac9b1e/python_dotenv-1.1.0-py3-none-any.whl", hash = "sha256:d7c01d9e2293916c18baf562d95698754b0dbbb5e74d457c45d4f6561fb9d55d", size = 20256, upload-time = "2025-03-25T10:14:55.034Z" },
]

[[package]]
name = "transcoder-service"
version = "0.1.0"
source = { virtual = "." }
dependencies = [
    { name = "aiokafka" },
    { name = "python-dotenv" },
]

[package.metadata]
requires-dist = [
    { name = "aiokafka", specifier = ">=0.12.0" },
    { name = "python-dotenv", specifier = ">=1.1.0" },
]

[[package]]
name = "typing-extensions"
version = "4.14.0"
source = { registry = "https://pypi.org/simple" }
sdist = { url = "https://files.pythonhosted.org/packages/d1/bc/51647cd02527e87d05cb083ccc402f93e441606ff1f01739a62c8ad09ba5/typing_extensions-4.14.0.tar.gz", hash = "sha256:8676b788e32f02ab42d9e7c61324048ae4c6d844a399eebace3d4979d75ceef4", size = 107423, upload-time = "2025-06-02T14:52:11.399Z" }
wheels = [
    { url = "https://files.pythonhosted.org/packages/69/e0/552843e0d356fbb5256d21449fa957fa4eff3bbc135a74a691ee70c7c5da/typing_extensions-4.14.0-py3-none-any.whl", hash = "sha256:a1514509136dd0b477638fc68d6a91497af5076466ad0fa6c338e44e359944af", size = 43839, upload-time = "2025-06-02T14:52:10.026Z" },
]
